
Microsoft Visual Studio Solution File, Format Version 12.00
# Visual Studio 2012
Project("{FAE04EC0-301F-11D3-BF4B-00C04F79EFBC}") = "ConsoleApplication2", "ConsoleApplication2\ConsoleApplication2.csproj", "{B64C5F5A-4139-4168-B990-B64D49082EBD}"
EndProject
Global
	GlobalSection(SolutionConfigurationPlatforms) = preSolution
		Debug|Any CPU = Debug|Any CPU
		Release|Any CPU = Release|Any CPU
	EndGlobalSection
	GlobalSection(ProjectConfigurationPlatforms) = postSolution
		{B64C5F5A-4139-4168-B990-B64D49082EBD}.Debug|Any CPU.ActiveCfg = Debug|Any CPU
		{B64C5F5A-4139-4168-B990-B64D49082EBD}.Debug|Any CPU.Build.0 = Debug|Any CPU
		{B64C5F5A-4139-4168-B990-B64D49082EBD}.Release|Any CPU.ActiveCfg = Release|Any CPU
		{B64C5F5A-4139-4168-B990-B64D49082EBD}.Release|Any CPU.Build.0 = Release|Any CPU
	EndGlobalSection
	GlobalSection(SolutionProperties) = preSolution
		HideSolutionNode = FALSE
	EndGlobalSection
EndGlobal
